
Microsoft Visual Studio Solution File, Format Version 12.00
# Visual Studio Version 17
VisualStudioVersion = 17.11.35327.3
MinimumVisualStudioVersion = 10.0.40219.1
Project("{FAE04EC0-301F-11D3-BF4B-00C04F79EFBC}") = "DataFileParser", "DataFileParser\DataFileParser.csproj", "{BFF2E969-7BAA-4A43-81BA-E67291B03760}"
EndProject
Global
	GlobalSection(SolutionConfigurationPlatforms) = preSolution
		Debug|Any CPU = Debug|Any CPU
		Release|Any CPU = Release|Any CPU
	EndGlobalSection
	GlobalSection(ProjectConfigurationPlatforms) = postSolution
		{BFF2E969-7BAA-4A43-81BA-E67291B03760}.Debug|Any CPU.ActiveCfg = Debug|Any CPU
		{BFF2E969-7BAA-4A43-81BA-E67291B03760}.Debug|Any CPU.Build.0 = Debug|Any CPU
		{BFF2E969-7BAA-4A43-81BA-E67291B03760}.Release|Any CPU.ActiveCfg = Release|Any CPU
		{BFF2E969-7BAA-4A43-81BA-E67291B03760}.Release|Any CPU.Build.0 = Release|Any CPU
	EndGlobalSection
	GlobalSection(SolutionProperties) = preSolution
		HideSolutionNode = FALSE
	EndGlobalSection
	GlobalSection(ExtensibilityGlobals) = postSolution
		SolutionGuid = {0000BE04-AAB0-4FB4-9B42-2CFCE263FFC4}
	EndGlobalSection
EndGlobal
